
Microsoft Visual Studio Solution File, Format Version 12.00
# Visual Studio Version 17
VisualStudioVersion = 17.10.34928.147
MinimumVisualStudioVersion = 10.0.40219.1
Project("{8BC9CEB8-8B4A-11D0-8D11-00A0C91BC942}") = "SFML-test_project", "..\SFML-test_project\SFML-test_project.vcxproj", "{ED1F2F9B-FB5F-4698-A939-C48039AC91E6}"
EndProject
Project("{54435603-DBB4-11D2-8724-00A0C9A8B90C}") = "Space Shooter", "Space Shooter\Space Shooter.vdproj", "{EB7B2FEE-F5B2-4D35-BC55-F0F9BD4EBDC1}"
EndProject
Global
	GlobalSection(SolutionConfigurationPlatforms) = preSolution
		Debug|x64 = Debug|x64
		Debug|x86 = Debug|x86
		Release|x64 = Release|x64
		Release|x86 = Release|x86
	EndGlobalSection
	GlobalSection(ProjectConfigurationPlatforms) = postSolution
		{ED1F2F9B-FB5F-4698-A939-C48039AC91E6}.Debug|x64.ActiveCfg = Debug|x64
		{ED1F2F9B-FB5F-4698-A939-C48039AC91E6}.Debug|x64.Build.0 = Debug|x64
		{ED1F2F9B-FB5F-4698-A939-C48039AC91E6}.Debug|x86.ActiveCfg = Debug|Win32
		{ED1F2F9B-FB5F-4698-A939-C48039AC91E6}.Debug|x86.Build.0 = Debug|Win32
		{ED1F2F9B-FB5F-4698-A939-C48039AC91E6}.Release|x64.ActiveCfg = Release|x64
		{ED1F2F9B-FB5F-4698-A939-C48039AC91E6}.Release|x64.Build.0 = Release|x64
		{ED1F2F9B-FB5F-4698-A939-C48039AC91E6}.Release|x86.ActiveCfg = Release|Win32
		{ED1F2F9B-FB5F-4698-A939-C48039AC91E6}.Release|x86.Build.0 = Release|Win32
		{EB7B2FEE-F5B2-4D35-BC55-F0F9BD4EBDC1}.Debug|x64.ActiveCfg = Debug
		{EB7B2FEE-F5B2-4D35-BC55-F0F9BD4EBDC1}.Debug|x86.ActiveCfg = Debug
		{EB7B2FEE-F5B2-4D35-BC55-F0F9BD4EBDC1}.Release|x64.ActiveCfg = Release
		{EB7B2FEE-F5B2-4D35-BC55-F0F9BD4EBDC1}.Release|x86.ActiveCfg = Release
	EndGlobalSection
	GlobalSection(SolutionProperties) = preSolution
		HideSolutionNode = FALSE
	EndGlobalSection
	GlobalSection(ExtensibilityGlobals) = postSolution
		SolutionGuid = {433312B6-C098-4864-8A10-95F0813972F1}
	EndGlobalSection
EndGlobal
